
Microsoft Visual Studio Solution File, Format Version 12.00
# Visual Studio 2012
Project("{FAE04EC0-301F-11D3-BF4B-00C04F79EFBC}") = "Black_Screen_by_Vinit_Ramteke", "Black_Screen_by_Vinit_Ramteke\Black_Screen_by_Vinit_Ramteke.csproj", "{333DD84B-9B19-4F28-A516-34361BEA4EB6}"
EndProject
Project("{FAE04EC0-301F-11D3-BF4B-00C04F79EFBC}") = "test_project", "test_project\test_project.csproj", "{05F5B05B-9811-462D-A35E-FF466A098EA8}"
EndProject
Global
	GlobalSection(SolutionConfigurationPlatforms) = preSolution
		Debug|Any CPU = Debug|Any CPU
		Release|Any CPU = Release|Any CPU
	EndGlobalSection
	GlobalSection(ProjectConfigurationPlatforms) = postSolution
		{333DD84B-9B19-4F28-A516-34361BEA4EB6}.Debug|Any CPU.ActiveCfg = Debug|Any CPU
		{333DD84B-9B19-4F28-A516-34361BEA4EB6}.Debug|Any CPU.Build.0 = Debug|Any CPU
		{333DD84B-9B19-4F28-A516-34361BEA4EB6}.Release|Any CPU.ActiveCfg = Release|Any CPU
		{333DD84B-9B19-4F28-A516-34361BEA4EB6}.Release|Any CPU.Build.0 = Release|Any CPU
		{05F5B05B-9811-462D-A35E-FF466A098EA8}.Debug|Any CPU.ActiveCfg = Debug|Any CPU
		{05F5B05B-9811-462D-A35E-FF466A098EA8}.Debug|Any CPU.Build.0 = Debug|Any CPU
		{05F5B05B-9811-462D-A35E-FF466A098EA8}.Release|Any CPU.ActiveCfg = Release|Any CPU
		{05F5B05B-9811-462D-A35E-FF466A098EA8}.Release|Any CPU.Build.0 = Release|Any CPU
	EndGlobalSection
	GlobalSection(SolutionProperties) = preSolution
		HideSolutionNode = FALSE
	EndGlobalSection
EndGlobal
